
Microsoft Visual Studio Solution File, Format Version 12.00
# Visual Studio 14
VisualStudioVersion = 14.0.25420.1
MinimumVisualStudioVersion = 10.0.40219.1
Project("{FAE04EC0-301F-11D3-BF4B-00C04F79EFBC}") = "OdoriRails", "OdoriRails\OdoriRails.csproj", "{FC6CE72A-A2F9-4E02-8888-11AEDD18C72B}"
EndProject
Project("{FAE04EC0-301F-11D3-BF4B-00C04F79EFBC}") = "OdoriRailsTests", "OdoriRailsTests\OdoriRailsTests.csproj", "{AEBA9CBC-936B-4F06-8FC3-C9B1A6C9138F}"
EndProject
Project("{FAE04EC0-301F-11D3-BF4B-00C04F79EFBC}") = "LoginSystem", "InlogSysteem\LoginSystem.csproj", "{3D58B85F-D1A1-4442-A09C-5A325AE386A2}"
EndProject
Global
	GlobalSection(SolutionConfigurationPlatforms) = preSolution
		Debug|Any CPU = Debug|Any CPU
		Release|Any CPU = Release|Any CPU
	EndGlobalSection
	GlobalSection(ProjectConfigurationPlatforms) = postSolution
		{FC6CE72A-A2F9-4E02-8888-11AEDD18C72B}.Debug|Any CPU.ActiveCfg = Debug|Any CPU
		{FC6CE72A-A2F9-4E02-8888-11AEDD18C72B}.Debug|Any CPU.Build.0 = Debug|Any CPU
		{FC6CE72A-A2F9-4E02-8888-11AEDD18C72B}.Release|Any CPU.ActiveCfg = Release|Any CPU
		{FC6CE72A-A2F9-4E02-8888-11AEDD18C72B}.Release|Any CPU.Build.0 = Release|Any CPU
		{AEBA9CBC-936B-4F06-8FC3-C9B1A6C9138F}.Debug|Any CPU.ActiveCfg = Debug|Any CPU
		{AEBA9CBC-936B-4F06-8FC3-C9B1A6C9138F}.Debug|Any CPU.Build.0 = Debug|Any CPU
		{AEBA9CBC-936B-4F06-8FC3-C9B1A6C9138F}.Release|Any CPU.ActiveCfg = Release|Any CPU
		{AEBA9CBC-936B-4F06-8FC3-C9B1A6C9138F}.Release|Any CPU.Build.0 = Release|Any CPU
		{3D58B85F-D1A1-4442-A09C-5A325AE386A2}.Debug|Any CPU.ActiveCfg = Debug|Any CPU
		{3D58B85F-D1A1-4442-A09C-5A325AE386A2}.Debug|Any CPU.Build.0 = Debug|Any CPU
		{3D58B85F-D1A1-4442-A09C-5A325AE386A2}.Release|Any CPU.ActiveCfg = Release|Any CPU
		{3D58B85F-D1A1-4442-A09C-5A325AE386A2}.Release|Any CPU.Build.0 = Release|Any CPU
	EndGlobalSection
	GlobalSection(SolutionProperties) = preSolution
		HideSolutionNode = FALSE
	EndGlobalSection
EndGlobal
